
Microsoft Visual Studio Solution File, Format Version 12.00
# Visual Studio Version 17
VisualStudioVersion = 17.11.35327.3
MinimumVisualStudioVersion = 10.0.40219.1
Project("{FAE04EC0-301F-11D3-BF4B-00C04F79EFBC}") = "BlogAPI", "BlogAPI.csproj", "{FAAA198E-8C4F-42A9-83F2-0F6C18597C1D}"
	ProjectSection(ProjectDependencies) = postProject
		{6647AD92-DC52-47B0-A3D5-A3425189506C} = {6647AD92-DC52-47B0-A3D5-A3425189506C}
	EndProjectSection
EndProject
Project("{FAE04EC0-301F-11D3-BF4B-00C04F79EFBC}") = "DataProvider", "..\DataProvider\DataProvider.csproj", "{6647AD92-DC52-47B0-A3D5-A3425189506C}"
EndProject
Global
	GlobalSection(SolutionConfigurationPlatforms) = preSolution
		Debug|Any CPU = Debug|Any CPU
		Release|Any CPU = Release|Any CPU
	EndGlobalSection
	GlobalSection(ProjectConfigurationPlatforms) = postSolution
		{FAAA198E-8C4F-42A9-83F2-0F6C18597C1D}.Debug|Any CPU.ActiveCfg = Debug|Any CPU
		{FAAA198E-8C4F-42A9-83F2-0F6C18597C1D}.Debug|Any CPU.Build.0 = Debug|Any CPU
		{FAAA198E-8C4F-42A9-83F2-0F6C18597C1D}.Release|Any CPU.ActiveCfg = Release|Any CPU
		{FAAA198E-8C4F-42A9-83F2-0F6C18597C1D}.Release|Any CPU.Build.0 = Release|Any CPU
		{6647AD92-DC52-47B0-A3D5-A3425189506C}.Debug|Any CPU.ActiveCfg = Debug|Any CPU
		{6647AD92-DC52-47B0-A3D5-A3425189506C}.Debug|Any CPU.Build.0 = Debug|Any CPU
		{6647AD92-DC52-47B0-A3D5-A3425189506C}.Release|Any CPU.ActiveCfg = Release|Any CPU
		{6647AD92-DC52-47B0-A3D5-A3425189506C}.Release|Any CPU.Build.0 = Release|Any CPU
	EndGlobalSection
	GlobalSection(SolutionProperties) = preSolution
		HideSolutionNode = FALSE
	EndGlobalSection
	GlobalSection(ExtensibilityGlobals) = postSolution
		SolutionGuid = {60B5F299-89CF-4629-A3EA-18BD347DBB90}
	EndGlobalSection
EndGlobal
